
Microsoft Visual Studio Solution File, Format Version 12.00
# Visual Studio Version 16
VisualStudioVersion = 16.0.31702.278
MinimumVisualStudioVersion = 10.0.40219.1
Project("{FAE04EC0-301F-11D3-BF4B-00C04F79EFBC}") = "MvcBlogApp.Shared", "MvcBlogApp.Shared\MvcBlogApp.Shared.csproj", "{9482E5FF-F3E5-4C39-9605-F4F1D2A87770}"
EndProject
Project("{FAE04EC0-301F-11D3-BF4B-00C04F79EFBC}") = "MvcBlogApp.Entities", "MvcBlogApp.Entities\MvcBlogApp.Entities.csproj", "{23919490-45E4-4145-81D2-F99FE0BE14DC}"
EndProject
Project("{FAE04EC0-301F-11D3-BF4B-00C04F79EFBC}") = "MvcBlogApp.Data", "MvcBlogApp.Data\MvcBlogApp.Data.csproj", "{668B0F1D-9E0E-4AC3-B279-B9DBF594EDC3}"
EndProject
Project("{FAE04EC0-301F-11D3-BF4B-00C04F79EFBC}") = "MvcBlogApp.Services", "MvcBlogApp.Services\MvcBlogApp.Services.csproj", "{117A6B6F-BCD6-4B38-8FD6-4644ABADC283}"
EndProject
Project("{FAE04EC0-301F-11D3-BF4B-00C04F79EFBC}") = "MvcBlogApp.Mvc", "MvcBlogApp.Mvc\MvcBlogApp.Mvc.csproj", "{DAB93B4F-D7D3-400B-919A-F6E3AD61F9F1}"
EndProject
Global
	GlobalSection(SolutionConfigurationPlatforms) = preSolution
		Debug|Any CPU = Debug|Any CPU
		Release|Any CPU = Release|Any CPU
	EndGlobalSection
	GlobalSection(ProjectConfigurationPlatforms) = postSolution
		{9482E5FF-F3E5-4C39-9605-F4F1D2A87770}.Debug|Any CPU.ActiveCfg = Debug|Any CPU
		{9482E5FF-F3E5-4C39-9605-F4F1D2A87770}.Debug|Any CPU.Build.0 = Debug|Any CPU
		{9482E5FF-F3E5-4C39-9605-F4F1D2A87770}.Release|Any CPU.ActiveCfg = Release|Any CPU
		{9482E5FF-F3E5-4C39-9605-F4F1D2A87770}.Release|Any CPU.Build.0 = Release|Any CPU
		{23919490-45E4-4145-81D2-F99FE0BE14DC}.Debug|Any CPU.ActiveCfg = Debug|Any CPU
		{23919490-45E4-4145-81D2-F99FE0BE14DC}.Debug|Any CPU.Build.0 = Debug|Any CPU
		{23919490-45E4-4145-81D2-F99FE0BE14DC}.Release|Any CPU.ActiveCfg = Release|Any CPU
		{23919490-45E4-4145-81D2-F99FE0BE14DC}.Release|Any CPU.Build.0 = Release|Any CPU
		{668B0F1D-9E0E-4AC3-B279-B9DBF594EDC3}.Debug|Any CPU.ActiveCfg = Debug|Any CPU
		{668B0F1D-9E0E-4AC3-B279-B9DBF594EDC3}.Debug|Any CPU.Build.0 = Debug|Any CPU
		{668B0F1D-9E0E-4AC3-B279-B9DBF594EDC3}.Release|Any CPU.ActiveCfg = Release|Any CPU
		{668B0F1D-9E0E-4AC3-B279-B9DBF594EDC3}.Release|Any CPU.Build.0 = Release|Any CPU
		{117A6B6F-BCD6-4B38-8FD6-4644ABADC283}.Debug|Any CPU.ActiveCfg = Debug|Any CPU
		{117A6B6F-BCD6-4B38-8FD6-4644ABADC283}.Debug|Any CPU.Build.0 = Debug|Any CPU
		{117A6B6F-BCD6-4B38-8FD6-4644ABADC283}.Release|Any CPU.ActiveCfg = Release|Any CPU
		{117A6B6F-BCD6-4B38-8FD6-4644ABADC283}.Release|Any CPU.Build.0 = Release|Any CPU
		{DAB93B4F-D7D3-400B-919A-F6E3AD61F9F1}.Debug|Any CPU.ActiveCfg = Debug|Any CPU
		{DAB93B4F-D7D3-400B-919A-F6E3AD61F9F1}.Debug|Any CPU.Build.0 = Debug|Any CPU
		{DAB93B4F-D7D3-400B-919A-F6E3AD61F9F1}.Release|Any CPU.ActiveCfg = Release|Any CPU
		{DAB93B4F-D7D3-400B-919A-F6E3AD61F9F1}.Release|Any CPU.Build.0 = Release|Any CPU
	EndGlobalSection
	GlobalSection(SolutionProperties) = preSolution
		HideSolutionNode = FALSE
	EndGlobalSection
	GlobalSection(ExtensibilityGlobals) = postSolution
		SolutionGuid = {69E4B7DB-1E6A-4C41-BAA6-AB1C88CEA2B6}
	EndGlobalSection
EndGlobal
